
Microsoft Visual Studio Solution File, Format Version 12.00
# Visual Studio Version 17
VisualStudioVersion = 17.5.002.0
MinimumVisualStudioVersion = 10.0.40219.1
Project("{9A19103F-16F7-4668-BE54-9A1E7A4F7556}") = "7DaysOfCode", "7DaysOfCode.csproj", "{6C7BBE8C-1899-4876-99A2-5DE414DDA597}"
EndProject
Global
	GlobalSection(SolutionConfigurationPlatforms) = preSolution
		Debug|Any CPU = Debug|Any CPU
		Release|Any CPU = Release|Any CPU
	EndGlobalSection
	GlobalSection(ProjectConfigurationPlatforms) = postSolution
		{6C7BBE8C-1899-4876-99A2-5DE414DDA597}.Debug|Any CPU.ActiveCfg = Debug|Any CPU
		{6C7BBE8C-1899-4876-99A2-5DE414DDA597}.Debug|Any CPU.Build.0 = Debug|Any CPU
		{6C7BBE8C-1899-4876-99A2-5DE414DDA597}.Release|Any CPU.ActiveCfg = Release|Any CPU
		{6C7BBE8C-1899-4876-99A2-5DE414DDA597}.Release|Any CPU.Build.0 = Release|Any CPU
	EndGlobalSection
	GlobalSection(SolutionProperties) = preSolution
		HideSolutionNode = FALSE
	EndGlobalSection
	GlobalSection(ExtensibilityGlobals) = postSolution
		SolutionGuid = {6B0176C5-C9A7-48C4-B2B5-6E05891BA31E}
	EndGlobalSection
EndGlobal
